
Microsoft Visual Studio Solution File, Format Version 12.00
# Visual Studio Version 16
VisualStudioVersion = 16.0.29509.3
MinimumVisualStudioVersion = 10.0.40219.1
Project("{FAE04EC0-301F-11D3-BF4B-00C04F79EFBC}") = "DateApp", "DateApp.csproj", "{A8AFB606-3501-45A5-A714-828CDFAA1449}"
EndProject
Global
	GlobalSection(SolutionConfigurationPlatforms) = preSolution
		Debug|Any CPU = Debug|Any CPU
		Release|Any CPU = Release|Any CPU
	EndGlobalSection
	GlobalSection(ProjectConfigurationPlatforms) = postSolution
		{A8AFB606-3501-45A5-A714-828CDFAA1449}.Debug|Any CPU.ActiveCfg = Debug|Any CPU
		{A8AFB606-3501-45A5-A714-828CDFAA1449}.Debug|Any CPU.Build.0 = Debug|Any CPU
		{A8AFB606-3501-45A5-A714-828CDFAA1449}.Release|Any CPU.ActiveCfg = Release|Any CPU
		{A8AFB606-3501-45A5-A714-828CDFAA1449}.Release|Any CPU.Build.0 = Release|Any CPU
	EndGlobalSection
	GlobalSection(SolutionProperties) = preSolution
		HideSolutionNode = FALSE
	EndGlobalSection
	GlobalSection(ExtensibilityGlobals) = postSolution
		SolutionGuid = {B7D344EB-8F8E-4AF3-B450-E53DC85BDD5F}
	EndGlobalSection
EndGlobal
